
Microsoft Visual Studio Solution File, Format Version 12.00
# Visual Studio Version 17
VisualStudioVersion = 17.11.35312.102
MinimumVisualStudioVersion = 10.0.40219.1
Project("{FAE04EC0-301F-11D3-BF4B-00C04F79EFBC}") = "Banking.Web", "Banking.Web.csproj", "{B79F2A16-C41A-4869-89CB-FF359F939F33}"
EndProject
Project("{FAE04EC0-301F-11D3-BF4B-00C04F79EFBC}") = "Banking.Web.Shared", "..\Banking.Web.Shared\Banking.Web.Shared.csproj", "{8343E7C1-C137-491F-85CB-1D0AE4F60A17}"
EndProject
Global
	GlobalSection(SolutionConfigurationPlatforms) = preSolution
		Debug|Any CPU = Debug|Any CPU
		Release|Any CPU = Release|Any CPU
	EndGlobalSection
	GlobalSection(ProjectConfigurationPlatforms) = postSolution
		{B79F2A16-C41A-4869-89CB-FF359F939F33}.Debug|Any CPU.ActiveCfg = Debug|Any CPU
		{B79F2A16-C41A-4869-89CB-FF359F939F33}.Debug|Any CPU.Build.0 = Debug|Any CPU
		{B79F2A16-C41A-4869-89CB-FF359F939F33}.Release|Any CPU.ActiveCfg = Release|Any CPU
		{B79F2A16-C41A-4869-89CB-FF359F939F33}.Release|Any CPU.Build.0 = Release|Any CPU
		{8343E7C1-C137-491F-85CB-1D0AE4F60A17}.Debug|Any CPU.ActiveCfg = Debug|Any CPU
		{8343E7C1-C137-491F-85CB-1D0AE4F60A17}.Debug|Any CPU.Build.0 = Debug|Any CPU
		{8343E7C1-C137-491F-85CB-1D0AE4F60A17}.Release|Any CPU.ActiveCfg = Release|Any CPU
		{8343E7C1-C137-491F-85CB-1D0AE4F60A17}.Release|Any CPU.Build.0 = Release|Any CPU
	EndGlobalSection
	GlobalSection(SolutionProperties) = preSolution
		HideSolutionNode = FALSE
	EndGlobalSection
	GlobalSection(ExtensibilityGlobals) = postSolution
		SolutionGuid = {0CB1103E-41DD-45E6-A7C3-5BC77EA234B5}
	EndGlobalSection
EndGlobal
